
Microsoft Visual Studio Solution File, Format Version 12.00
# Visual Studio Version 16
VisualStudioVersion = 16.0.31205.134
MinimumVisualStudioVersion = 10.0.40219.1
Project("{2150E333-8FDC-42A3-9474-1A3956D46DE8}") = "src", "src", "{2C7479A4-0C9C-4282-99CB-5B53A2100B5E}"
EndProject
Project("{2150E333-8FDC-42A3-9474-1A3956D46DE8}") = "tests", "tests", "{3F4A0C00-C61D-41E0-9ADD-B43ABEA36DBD}"
EndProject
Project("{FAE04EC0-301F-11D3-BF4B-00C04F79EFBC}") = "Domain", "src\Domain\Domain.csproj", "{420561F7-22A6-44D5-B278-C21F493A788C}"
EndProject
Project("{FAE04EC0-301F-11D3-BF4B-00C04F79EFBC}") = "Application", "src\Application\Application.csproj", "{BDB3E799-626A-488B-8F42-B8DB2F124A3D}"
EndProject
Project("{FAE04EC0-301F-11D3-BF4B-00C04F79EFBC}") = "Infrastructure", "src\Infrastructure\Infrastructure.csproj", "{64DAC986-F490-4A3A-991D-3E9B498E5F1D}"
EndProject
Project("{FAE04EC0-301F-11D3-BF4B-00C04F79EFBC}") = "WebApi", "src\WebApi\WebApi.csproj", "{21232CC3-5569-475B-89FB-495A18FE22CB}"
EndProject
Global
	GlobalSection(SolutionConfigurationPlatforms) = preSolution
		Debug|Any CPU = Debug|Any CPU
		Release|Any CPU = Release|Any CPU
	EndGlobalSection
	GlobalSection(ProjectConfigurationPlatforms) = postSolution
		{420561F7-22A6-44D5-B278-C21F493A788C}.Debug|Any CPU.ActiveCfg = Debug|Any CPU
		{420561F7-22A6-44D5-B278-C21F493A788C}.Debug|Any CPU.Build.0 = Debug|Any CPU
		{420561F7-22A6-44D5-B278-C21F493A788C}.Release|Any CPU.ActiveCfg = Release|Any CPU
		{420561F7-22A6-44D5-B278-C21F493A788C}.Release|Any CPU.Build.0 = Release|Any CPU
		{BDB3E799-626A-488B-8F42-B8DB2F124A3D}.Debug|Any CPU.ActiveCfg = Debug|Any CPU
		{BDB3E799-626A-488B-8F42-B8DB2F124A3D}.Debug|Any CPU.Build.0 = Debug|Any CPU
		{BDB3E799-626A-488B-8F42-B8DB2F124A3D}.Release|Any CPU.ActiveCfg = Release|Any CPU
		{BDB3E799-626A-488B-8F42-B8DB2F124A3D}.Release|Any CPU.Build.0 = Release|Any CPU
		{64DAC986-F490-4A3A-991D-3E9B498E5F1D}.Debug|Any CPU.ActiveCfg = Debug|Any CPU
		{64DAC986-F490-4A3A-991D-3E9B498E5F1D}.Debug|Any CPU.Build.0 = Debug|Any CPU
		{64DAC986-F490-4A3A-991D-3E9B498E5F1D}.Release|Any CPU.ActiveCfg = Release|Any CPU
		{64DAC986-F490-4A3A-991D-3E9B498E5F1D}.Release|Any CPU.Build.0 = Release|Any CPU
		{21232CC3-5569-475B-89FB-495A18FE22CB}.Debug|Any CPU.ActiveCfg = Debug|Any CPU
		{21232CC3-5569-475B-89FB-495A18FE22CB}.Debug|Any CPU.Build.0 = Debug|Any CPU
		{21232CC3-5569-475B-89FB-495A18FE22CB}.Release|Any CPU.ActiveCfg = Release|Any CPU
		{21232CC3-5569-475B-89FB-495A18FE22CB}.Release|Any CPU.Build.0 = Release|Any CPU
	EndGlobalSection
	GlobalSection(SolutionProperties) = preSolution
		HideSolutionNode = FALSE
	EndGlobalSection
	GlobalSection(NestedProjects) = preSolution
		{420561F7-22A6-44D5-B278-C21F493A788C} = {2C7479A4-0C9C-4282-99CB-5B53A2100B5E}
		{BDB3E799-626A-488B-8F42-B8DB2F124A3D} = {2C7479A4-0C9C-4282-99CB-5B53A2100B5E}
		{64DAC986-F490-4A3A-991D-3E9B498E5F1D} = {2C7479A4-0C9C-4282-99CB-5B53A2100B5E}
		{21232CC3-5569-475B-89FB-495A18FE22CB} = {2C7479A4-0C9C-4282-99CB-5B53A2100B5E}
	EndGlobalSection
	GlobalSection(ExtensibilityGlobals) = postSolution
		SolutionGuid = {120602C1-F211-44D8-B606-81A8084A8421}
	EndGlobalSection
EndGlobal
